# frozen 2026-08-25 — /opt/ps-new
# THESE VERSIONS ARE THE EXERCISE. Changing either one
# deletes Workshop 2 exercise 4 or Talk 2 L1.
backports.zstd==1.7.0
brotli==1.2.0
inflate64==1.0.4
multivolumefile==0.2.3
picklescan==1.0.5
psutil==7.2.2
py7zr==1.1.3
pybcj==1.0.8
pycryptodomex==3.23.0
pyppmd==1.3.1
texttable==1.7.0
