# frozen 2026-08-25 — do not edit by hand
annotated-doc==0.0.5
annotated-types==0.8.0
anyio==4.14.2
click==8.4.2
fastapi==0.141.1
h11==0.16.0
httptools==0.8.0
idna==3.19
markdown-it-py==4.2.0
mdurl==0.1.2
modelscan==0.8.8
numpy==2.5.2
pydantic==2.13.4
pydantic_core==2.46.4
Pygments==2.21.0
python-dotenv==1.2.3
PyYAML==6.0.3
rich==14.3.4
starlette==1.6.0
tomlkit==0.13.3
typing-inspection==0.4.4
typing_extensions==4.16.0
uvicorn==0.52.4
uvloop==0.22.1
watchfiles==1.2.0
websockets==17.0.1
